{
  "requires": true,
  "lockfileVersion": 1,
  "dependencies": {
    "jquery-csv": {
      "version": "0.8.9",
      "resolved": "https://registry.npmjs.org/jquery-csv/-/jquery-csv-0.8.9.tgz",
      "integrity": "sha512-8Nyh8p2d8IHzID62Wjw14h7/LWGUzv2GpWzrimbedxTN2NGKOwIAWer/cYMqAocsdwmX4IYeXQv2eNTwTPA4pA=="
    }
  }
}
